
Microsoft Visual Studio Solution File, Format Version 12.00
# Visual Studio 2017
Project("{FAE04EC0-301F-11D3-BF4B-00C04F79EFBC}") = "Chapter 8", "Chapter 8.csproj", "{3354385C-CF74-E084-3D24-E1991FCB4306}"
EndProject
Global
	GlobalSection(SolutionConfigurationPlatforms) = preSolution
		Debug|Any CPU = Debug|Any CPU
		Release|Any CPU = Release|Any CPU
	EndGlobalSection
	GlobalSection(ProjectConfigurationPlatforms) = postSolution
		{3354385C-CF74-E084-3D24-E1991FCB4306}.Debug|Any CPU.ActiveCfg = Debug|Any CPU
		{3354385C-CF74-E084-3D24-E1991FCB4306}.Debug|Any CPU.Build.0 = Debug|Any CPU
		{3354385C-CF74-E084-3D24-E1991FCB4306}.Release|Any CPU.ActiveCfg = Release|Any CPU
		{3354385C-CF74-E084-3D24-E1991FCB4306}.Release|Any CPU.Build.0 = Release|Any CPU
	EndGlobalSection
	GlobalSection(SolutionProperties) = preSolution
		HideSolutionNode = FALSE
	EndGlobalSection
EndGlobal
